
Microsoft Visual Studio Solution File, Format Version 12.00
# Visual Studio Version 16
VisualStudioVersion = 16.0.32510.428
MinimumVisualStudioVersion = 10.0.40219.1
Project("{FAE04EC0-301F-11D3-BF4B-00C04F79EFBC}") = "RestaurantApp.Web", "RestaurantApp.Web\RestaurantApp.Web.csproj", "{BA08C6BA-110D-4BCA-B359-61A6A63C2CC8}"
EndProject
Project("{FAE04EC0-301F-11D3-BF4B-00C04F79EFBC}") = "RestaurantApp.Data", "Restaurant.Data\RestaurantApp.Data.csproj", "{8C24B12A-CA40-412C-B493-0EA82184C03F}"
EndProject
Global
	GlobalSection(SolutionConfigurationPlatforms) = preSolution
		Debug|Any CPU = Debug|Any CPU
		Release|Any CPU = Release|Any CPU
	EndGlobalSection
	GlobalSection(ProjectConfigurationPlatforms) = postSolution
		{BA08C6BA-110D-4BCA-B359-61A6A63C2CC8}.Debug|Any CPU.ActiveCfg = Debug|Any CPU
		{BA08C6BA-110D-4BCA-B359-61A6A63C2CC8}.Debug|Any CPU.Build.0 = Debug|Any CPU
		{BA08C6BA-110D-4BCA-B359-61A6A63C2CC8}.Release|Any CPU.ActiveCfg = Release|Any CPU
		{BA08C6BA-110D-4BCA-B359-61A6A63C2CC8}.Release|Any CPU.Build.0 = Release|Any CPU
		{8C24B12A-CA40-412C-B493-0EA82184C03F}.Debug|Any CPU.ActiveCfg = Debug|Any CPU
		{8C24B12A-CA40-412C-B493-0EA82184C03F}.Debug|Any CPU.Build.0 = Debug|Any CPU
		{8C24B12A-CA40-412C-B493-0EA82184C03F}.Release|Any CPU.ActiveCfg = Release|Any CPU
		{8C24B12A-CA40-412C-B493-0EA82184C03F}.Release|Any CPU.Build.0 = Release|Any CPU
	EndGlobalSection
	GlobalSection(SolutionProperties) = preSolution
		HideSolutionNode = FALSE
	EndGlobalSection
	GlobalSection(ExtensibilityGlobals) = postSolution
		SolutionGuid = {36268236-6F0D-4EB2-AC46-BC710FCED15A}
	EndGlobalSection
EndGlobal
